
Microsoft Visual Studio Solution File, Format Version 12.00
# Visual Studio Version 17
VisualStudioVersion = 17.9.34728.123
MinimumVisualStudioVersion = 10.0.40219.1
Project("{9A19103F-16F7-4668-BE54-9A1E7A4F7556}") = "DataAccess", "DataAccess\DataAccess.csproj", "{39152FEB-90CD-449C-BF23-FC295A2FA3B5}"
EndProject
Project("{9A19103F-16F7-4668-BE54-9A1E7A4F7556}") = "Business", "Business\Business.csproj", "{D743366D-4A7E-48B8-957F-AE6CEE9F154D}"
EndProject
Project("{9A19103F-16F7-4668-BE54-9A1E7A4F7556}") = "Entities", "Entities\Entities.csproj", "{2F2D2AB6-2E7B-4CD0-9DA8-B5EACD83C395}"
EndProject
Project("{9A19103F-16F7-4668-BE54-9A1E7A4F7556}") = "ConsoleUI", "ConsoleUI\ConsoleUI.csproj", "{4EFCB931-F3A2-477D-881E-F55E11AAE273}"
EndProject
Project("{FAE04EC0-301F-11D3-BF4B-00C04F79EFBC}") = "Core", "Core\Core.csproj", "{3265485F-962D-4DCB-A783-8587AB930334}"
EndProject
Global
	GlobalSection(SolutionConfigurationPlatforms) = preSolution
		Debug|Any CPU = Debug|Any CPU
		Release|Any CPU = Release|Any CPU
	EndGlobalSection
	GlobalSection(ProjectConfigurationPlatforms) = postSolution
		{39152FEB-90CD-449C-BF23-FC295A2FA3B5}.Debug|Any CPU.ActiveCfg = Debug|Any CPU
		{39152FEB-90CD-449C-BF23-FC295A2FA3B5}.Debug|Any CPU.Build.0 = Debug|Any CPU
		{39152FEB-90CD-449C-BF23-FC295A2FA3B5}.Release|Any CPU.ActiveCfg = Release|Any CPU
		{39152FEB-90CD-449C-BF23-FC295A2FA3B5}.Release|Any CPU.Build.0 = Release|Any CPU
		{D743366D-4A7E-48B8-957F-AE6CEE9F154D}.Debug|Any CPU.ActiveCfg = Debug|Any CPU
		{D743366D-4A7E-48B8-957F-AE6CEE9F154D}.Debug|Any CPU.Build.0 = Debug|Any CPU
		{D743366D-4A7E-48B8-957F-AE6CEE9F154D}.Release|Any CPU.ActiveCfg = Release|Any CPU
		{D743366D-4A7E-48B8-957F-AE6CEE9F154D}.Release|Any CPU.Build.0 = Release|Any CPU
		{2F2D2AB6-2E7B-4CD0-9DA8-B5EACD83C395}.Debug|Any CPU.ActiveCfg = Debug|Any CPU
		{2F2D2AB6-2E7B-4CD0-9DA8-B5EACD83C395}.Debug|Any CPU.Build.0 = Debug|Any CPU
		{2F2D2AB6-2E7B-4CD0-9DA8-B5EACD83C395}.Release|Any CPU.ActiveCfg = Release|Any CPU
		{2F2D2AB6-2E7B-4CD0-9DA8-B5EACD83C395}.Release|Any CPU.Build.0 = Release|Any CPU
		{4EFCB931-F3A2-477D-881E-F55E11AAE273}.Debug|Any CPU.ActiveCfg = Debug|Any CPU
		{4EFCB931-F3A2-477D-881E-F55E11AAE273}.Debug|Any CPU.Build.0 = Debug|Any CPU
		{4EFCB931-F3A2-477D-881E-F55E11AAE273}.Release|Any CPU.ActiveCfg = Release|Any CPU
		{4EFCB931-F3A2-477D-881E-F55E11AAE273}.Release|Any CPU.Build.0 = Release|Any CPU
		{3265485F-962D-4DCB-A783-8587AB930334}.Debug|Any CPU.ActiveCfg = Debug|Any CPU
		{3265485F-962D-4DCB-A783-8587AB930334}.Debug|Any CPU.Build.0 = Debug|Any CPU
		{3265485F-962D-4DCB-A783-8587AB930334}.Release|Any CPU.ActiveCfg = Release|Any CPU
		{3265485F-962D-4DCB-A783-8587AB930334}.Release|Any CPU.Build.0 = Release|Any CPU
	EndGlobalSection
	GlobalSection(SolutionProperties) = preSolution
		HideSolutionNode = FALSE
	EndGlobalSection
	GlobalSection(ExtensibilityGlobals) = postSolution
		SolutionGuid = {235B851B-1566-465E-8A50-F36218261726}
	EndGlobalSection
EndGlobal
